{
  "name": "fixture-repo",
  "version": "1.0.0",
  "lockfileVersion": 2,
  "requires": true,
  "packages": {
    "": {
      "name": "fixture-repo",
      "version": "1.0.0",
      "dependencies": {
        "lodash": "4.17.15"
      }
    },
    "node_modules/lodash": {
      "version": "4.17.15",
      "resolved": "https://registry.npmjs.org/lodash/-/lodash-4.17.15.tgz",
      "integrity": "sha512-8x/ybcDHXPI/6+T+3/ntHOTg0bG+7v+ycIhAd2/xC7qVK7+08f4York8o/raYusRL9AuT/wEMMd0+78D0M+2Q=="
    }
  }
}
